
Microsoft Visual Studio Solution File, Format Version 12.00
# Visual Studio 15
VisualStudioVersion = 15.0.26124.0
MinimumVisualStudioVersion = 15.0.26124.0
Project("{FAE04EC0-301F-11D3-BF4B-00C04F79EFBC}") = "Domain", "Domain\Domain.csproj", "{6DBAFC5D-5EC5-4F3F-B264-39BF33C6B917}"
EndProject
Project("{FAE04EC0-301F-11D3-BF4B-00C04F79EFBC}") = "Application", "Application\Application.csproj", "{64C3F7C2-377C-4B27-AAE3-820A6255A49D}"
EndProject
Project("{FAE04EC0-301F-11D3-BF4B-00C04F79EFBC}") = "Persistence", "Persistence\Persistence.csproj", "{2D070217-6A29-4D94-9250-77E72864F076}"
EndProject
Project("{FAE04EC0-301F-11D3-BF4B-00C04F79EFBC}") = "API", "API\API.csproj", "{A614188A-79F4-4A98-A10B-75D34B8E08BC}"
EndProject
Global
	GlobalSection(SolutionConfigurationPlatforms) = preSolution
		Debug|Any CPU = Debug|Any CPU
		Debug|x64 = Debug|x64
		Debug|x86 = Debug|x86
		Release|Any CPU = Release|Any CPU
		Release|x64 = Release|x64
		Release|x86 = Release|x86
	EndGlobalSection
	GlobalSection(SolutionProperties) = preSolution
		HideSolutionNode = FALSE
	EndGlobalSection
	GlobalSection(ProjectConfigurationPlatforms) = postSolution
		{6DBAFC5D-5EC5-4F3F-B264-39BF33C6B917}.Debug|Any CPU.ActiveCfg = Debug|Any CPU
		{6DBAFC5D-5EC5-4F3F-B264-39BF33C6B917}.Debug|Any CPU.Build.0 = Debug|Any CPU
		{6DBAFC5D-5EC5-4F3F-B264-39BF33C6B917}.Debug|x64.ActiveCfg = Debug|Any CPU
		{6DBAFC5D-5EC5-4F3F-B264-39BF33C6B917}.Debug|x64.Build.0 = Debug|Any CPU
		{6DBAFC5D-5EC5-4F3F-B264-39BF33C6B917}.Debug|x86.ActiveCfg = Debug|Any CPU
		{6DBAFC5D-5EC5-4F3F-B264-39BF33C6B917}.Debug|x86.Build.0 = Debug|Any CPU
		{6DBAFC5D-5EC5-4F3F-B264-39BF33C6B917}.Release|Any CPU.ActiveCfg = Release|Any CPU
		{6DBAFC5D-5EC5-4F3F-B264-39BF33C6B917}.Release|Any CPU.Build.0 = Release|Any CPU
		{6DBAFC5D-5EC5-4F3F-B264-39BF33C6B917}.Release|x64.ActiveCfg = Release|Any CPU
		{6DBAFC5D-5EC5-4F3F-B264-39BF33C6B917}.Release|x64.Build.0 = Release|Any CPU
		{6DBAFC5D-5EC5-4F3F-B264-39BF33C6B917}.Release|x86.ActiveCfg = Release|Any CPU
		{6DBAFC5D-5EC5-4F3F-B264-39BF33C6B917}.Release|x86.Build.0 = Release|Any CPU
		{64C3F7C2-377C-4B27-AAE3-820A6255A49D}.Debug|Any CPU.ActiveCfg = Debug|Any CPU
		{64C3F7C2-377C-4B27-AAE3-820A6255A49D}.Debug|Any CPU.Build.0 = Debug|Any CPU
		{64C3F7C2-377C-4B27-AAE3-820A6255A49D}.Debug|x64.ActiveCfg = Debug|Any CPU
		{64C3F7C2-377C-4B27-AAE3-820A6255A49D}.Debug|x64.Build.0 = Debug|Any CPU
		{64C3F7C2-377C-4B27-AAE3-820A6255A49D}.Debug|x86.ActiveCfg = Debug|Any CPU
		{64C3F7C2-377C-4B27-AAE3-820A6255A49D}.Debug|x86.Build.0 = Debug|Any CPU
		{64C3F7C2-377C-4B27-AAE3-820A6255A49D}.Release|Any CPU.ActiveCfg = Release|Any CPU
		{64C3F7C2-377C-4B27-AAE3-820A6255A49D}.Release|Any CPU.Build.0 = Release|Any CPU
		{64C3F7C2-377C-4B27-AAE3-820A6255A49D}.Release|x64.ActiveCfg = Release|Any CPU
		{64C3F7C2-377C-4B27-AAE3-820A6255A49D}.Release|x64.Build.0 = Release|Any CPU
		{64C3F7C2-377C-4B27-AAE3-820A6255A49D}.Release|x86.ActiveCfg = Release|Any CPU
		{64C3F7C2-377C-4B27-AAE3-820A6255A49D}.Release|x86.Build.0 = Release|Any CPU
		{2D070217-6A29-4D94-9250-77E72864F076}.Debug|Any CPU.ActiveCfg = Debug|Any CPU
		{2D070217-6A29-4D94-9250-77E72864F076}.Debug|Any CPU.Build.0 = Debug|Any CPU
		{2D070217-6A29-4D94-9250-77E72864F076}.Debug|x64.ActiveCfg = Debug|Any CPU
		{2D070217-6A29-4D94-9250-77E72864F076}.Debug|x64.Build.0 = Debug|Any CPU
		{2D070217-6A29-4D94-9250-77E72864F076}.Debug|x86.ActiveCfg = Debug|Any CPU
		{2D070217-6A29-4D94-9250-77E72864F076}.Debug|x86.Build.0 = Debug|Any CPU
		{2D070217-6A29-4D94-9250-77E72864F076}.Release|Any CPU.ActiveCfg = Release|Any CPU
		{2D070217-6A29-4D94-9250-77E72864F076}.Release|Any CPU.Build.0 = Release|Any CPU
		{2D070217-6A29-4D94-9250-77E72864F076}.Release|x64.ActiveCfg = Release|Any CPU
		{2D070217-6A29-4D94-9250-77E72864F076}.Release|x64.Build.0 = Release|Any CPU
		{2D070217-6A29-4D94-9250-77E72864F076}.Release|x86.ActiveCfg = Release|Any CPU
		{2D070217-6A29-4D94-9250-77E72864F076}.Release|x86.Build.0 = Release|Any CPU
		{A614188A-79F4-4A98-A10B-75D34B8E08BC}.Debug|Any CPU.ActiveCfg = Debug|Any CPU
		{A614188A-79F4-4A98-A10B-75D34B8E08BC}.Debug|Any CPU.Build.0 = Debug|Any CPU
		{A614188A-79F4-4A98-A10B-75D34B8E08BC}.Debug|x64.ActiveCfg = Debug|Any CPU
		{A614188A-79F4-4A98-A10B-75D34B8E08BC}.Debug|x64.Build.0 = Debug|Any CPU
		{A614188A-79F4-4A98-A10B-75D34B8E08BC}.Debug|x86.ActiveCfg = Debug|Any CPU
		{A614188A-79F4-4A98-A10B-75D34B8E08BC}.Debug|x86.Build.0 = Debug|Any CPU
		{A614188A-79F4-4A98-A10B-75D34B8E08BC}.Release|Any CPU.ActiveCfg = Release|Any CPU
		{A614188A-79F4-4A98-A10B-75D34B8E08BC}.Release|Any CPU.Build.0 = Release|Any CPU
		{A614188A-79F4-4A98-A10B-75D34B8E08BC}.Release|x64.ActiveCfg = Release|Any CPU
		{A614188A-79F4-4A98-A10B-75D34B8E08BC}.Release|x64.Build.0 = Release|Any CPU
		{A614188A-79F4-4A98-A10B-75D34B8E08BC}.Release|x86.ActiveCfg = Release|Any CPU
		{A614188A-79F4-4A98-A10B-75D34B8E08BC}.Release|x86.Build.0 = Release|Any CPU
	EndGlobalSection
EndGlobal
